
Microsoft Visual Studio Solution File, Format Version 12.00
# Visual Studio Version 16
VisualStudioVersion = 16.0.30114.105
MinimumVisualStudioVersion = 10.0.40219.1
Project("{FAE04EC0-301F-11D3-BF4B-00C04F79EFBC}") = "burger", "burger\burger.csproj", "{1E807DA9-BC2C-40D9-9D87-6618C89FDD7A}"
EndProject
Global
	GlobalSection(SolutionConfigurationPlatforms) = preSolution
		Debug|Any CPU = Debug|Any CPU
		Release|Any CPU = Release|Any CPU
	EndGlobalSection
	GlobalSection(ProjectConfigurationPlatforms) = postSolution
		{1E807DA9-BC2C-40D9-9D87-6618C89FDD7A}.Debug|Any CPU.ActiveCfg = Debug|Any CPU
		{1E807DA9-BC2C-40D9-9D87-6618C89FDD7A}.Debug|Any CPU.Build.0 = Debug|Any CPU
		{1E807DA9-BC2C-40D9-9D87-6618C89FDD7A}.Release|Any CPU.ActiveCfg = Release|Any CPU
		{1E807DA9-BC2C-40D9-9D87-6618C89FDD7A}.Release|Any CPU.Build.0 = Release|Any CPU
	EndGlobalSection
	GlobalSection(SolutionProperties) = preSolution
		HideSolutionNode = FALSE
	EndGlobalSection
	GlobalSection(ExtensibilityGlobals) = postSolution
		SolutionGuid = {89BC74B2-BE05-4BEB-B52D-C439B33D1A30}
	EndGlobalSection
EndGlobal
